{
    "name": "clean-smart",
    "version": "2.50.0",
    "lockfileVersion": 2,
    "requires": true,
    "packages": {
        "": {
            "name": "clean-smart",
            "version": "2.50.0",
            "dependencies": {
                "@rebble/clay": "^1.0.8",
                "pebble-effect-layer": "^1.1.1"
            }
        },
        "node_modules/@rebble/clay": {
            "version": "1.0.8",
            "resolved": "https://registry.npmjs.org/@rebble/clay/-/clay-1.0.8.tgz",
            "integrity": "sha512-nLZes039sniW1Qx24AXirk1EH+JXNKSX5fAiJYObPL1znt83IGLIulZvDWXvM+HCmaSnjPheYdxvspr3CZicYQ==",
            "license": "MIT"
        },
        "node_modules/pebble-effect-layer": {
            "version": "1.1.4",
            "resolved": "https://registry.npmjs.org/pebble-effect-layer/-/pebble-effect-layer-1.1.4.tgz",
            "integrity": "sha512-6qGSeUOCzYnnwbuPg5IKsYtB/VhJ9cj3MWpmmuH48gn/VZ/AVe4sxoZOk6AzyD3caV5QZe1BXLew36VXhCzikA=="
        }
    },
    "dependencies": {
        "@rebble/clay": {
            "version": "1.0.8",
            "resolved": "https://registry.npmjs.org/@rebble/clay/-/clay-1.0.8.tgz",
            "integrity": "sha512-nLZes039sniW1Qx24AXirk1EH+JXNKSX5fAiJYObPL1znt83IGLIulZvDWXvM+HCmaSnjPheYdxvspr3CZicYQ=="
        },
        "pebble-effect-layer": {
            "version": "1.1.4",
            "resolved": "https://registry.npmjs.org/pebble-effect-layer/-/pebble-effect-layer-1.1.4.tgz",
            "integrity": "sha512-6qGSeUOCzYnnwbuPg5IKsYtB/VhJ9cj3MWpmmuH48gn/VZ/AVe4sxoZOk6AzyD3caV5QZe1BXLew36VXhCzikA=="
        }
    }
}
