{
    "name": "clean-smart",
    "version": "2.30.0",
    "lockfileVersion": 2,
    "requires": true,
    "packages": {
        "": {
            "name": "clean-smart",
            "version": "2.30.0",
            "dependencies": {
                "pebble-effect-layer": "^1.1.1"
            }
        },
        "node_modules/pebble-effect-layer": {
            "version": "1.1.4",
            "resolved": "https://registry.npmjs.org/pebble-effect-layer/-/pebble-effect-layer-1.1.4.tgz",
            "integrity": "sha512-6qGSeUOCzYnnwbuPg5IKsYtB/VhJ9cj3MWpmmuH48gn/VZ/AVe4sxoZOk6AzyD3caV5QZe1BXLew36VXhCzikA=="
        }
    },
    "dependencies": {
        "pebble-effect-layer": {
            "version": "1.1.4",
            "resolved": "https://registry.npmjs.org/pebble-effect-layer/-/pebble-effect-layer-1.1.4.tgz",
            "integrity": "sha512-6qGSeUOCzYnnwbuPg5IKsYtB/VhJ9cj3MWpmmuH48gn/VZ/AVe4sxoZOk6AzyD3caV5QZe1BXLew36VXhCzikA=="
        }
    }
}
